
Microsoft Visual Studio Solution File, Format Version 12.00
# Visual Studio 15
VisualStudioVersion = 15.0.28307.489
MinimumVisualStudioVersion = 10.0.40219.1
Project("{FAE04EC0-301F-11D3-BF4B-00C04F79EFBC}") = "HealthApi", "HealthApi\HealthApi.csproj", "{BCA27C9C-87B0-47F4-A855-B1BE5EC42463}"
EndProject
Global
	GlobalSection(SolutionConfigurationPlatforms) = preSolution
		Debug|Any CPU = Debug|Any CPU
		Release|Any CPU = Release|Any CPU
	EndGlobalSection
	GlobalSection(ProjectConfigurationPlatforms) = postSolution
		{BCA27C9C-87B0-47F4-A855-B1BE5EC42463}.Debug|Any CPU.ActiveCfg = Debug|Any CPU
		{BCA27C9C-87B0-47F4-A855-B1BE5EC42463}.Debug|Any CPU.Build.0 = Debug|Any CPU
		{BCA27C9C-87B0-47F4-A855-B1BE5EC42463}.Release|Any CPU.ActiveCfg = Release|Any CPU
		{BCA27C9C-87B0-47F4-A855-B1BE5EC42463}.Release|Any CPU.Build.0 = Release|Any CPU
	EndGlobalSection
	GlobalSection(SolutionProperties) = preSolution
		HideSolutionNode = FALSE
	EndGlobalSection
	GlobalSection(ExtensibilityGlobals) = postSolution
		SolutionGuid = {E7D1C0D4-9B97-4D76-A853-C6A09EB61A11}
	EndGlobalSection
EndGlobal
